
Microsoft Visual Studio Solution File, Format Version 12.00
# Visual Studio Version 16
VisualStudioVersion = 16.0.31005.135
MinimumVisualStudioVersion = 10.0.40219.1
Project("{9A19103F-16F7-4668-BE54-9A1E7A4F7556}") = "TreasureMap", "TresorMap\TreasureMap.csproj", "{B026C3C1-2F3E-4CF8-BCCB-1537BFF18AFC}"
EndProject
Project("{FAE04EC0-301F-11D3-BF4B-00C04F79EFBC}") = "TreasureMap.Test", "TreasureMap.Test\TreasureMap.Test.csproj", "{0864E44D-F7E7-47FE-BB88-BF631EF7210F}"
EndProject
Global
	GlobalSection(SolutionConfigurationPlatforms) = preSolution
		Debug|Any CPU = Debug|Any CPU
		Release|Any CPU = Release|Any CPU
	EndGlobalSection
	GlobalSection(ProjectConfigurationPlatforms) = postSolution
		{B026C3C1-2F3E-4CF8-BCCB-1537BFF18AFC}.Debug|Any CPU.ActiveCfg = Debug|Any CPU
		{B026C3C1-2F3E-4CF8-BCCB-1537BFF18AFC}.Debug|Any CPU.Build.0 = Debug|Any CPU
		{B026C3C1-2F3E-4CF8-BCCB-1537BFF18AFC}.Release|Any CPU.ActiveCfg = Release|Any CPU
		{B026C3C1-2F3E-4CF8-BCCB-1537BFF18AFC}.Release|Any CPU.Build.0 = Release|Any CPU
		{0864E44D-F7E7-47FE-BB88-BF631EF7210F}.Debug|Any CPU.ActiveCfg = Debug|Any CPU
		{0864E44D-F7E7-47FE-BB88-BF631EF7210F}.Debug|Any CPU.Build.0 = Debug|Any CPU
		{0864E44D-F7E7-47FE-BB88-BF631EF7210F}.Release|Any CPU.ActiveCfg = Release|Any CPU
		{0864E44D-F7E7-47FE-BB88-BF631EF7210F}.Release|Any CPU.Build.0 = Release|Any CPU
	EndGlobalSection
	GlobalSection(SolutionProperties) = preSolution
		HideSolutionNode = FALSE
	EndGlobalSection
	GlobalSection(ExtensibilityGlobals) = postSolution
		SolutionGuid = {0D19A64F-54A0-4E2E-9134-1E4E38680F95}
	EndGlobalSection
EndGlobal
